{
  "version": "5",
  "specifiers": {
    "jsr:@std/yaml@1": "1.1.1",
    "npm:@effect/platform-node@4.0.0-rc.112": "4.0.0-rc.112_effect@4.0.0-rc.112_redis@6.2.1",
    "npm:effect@4.0.0-rc.112": "4.0.0-rc.112"
  },
  "jsr": {
    "@std/yaml@1.1.1": {
      "integrity": "a57665ecf3d17b926380593a56625d8a10cc7281802f1e993b5ebc94a48e71f8"
    }
  },
  "npm": {
    "@effect/platform-node-shared@4.0.0-rc.112_effect@4.0.0-rc.112": {
      "integrity": "sha512-ttjz0xKamFN7vL8pNDYVwddJLjZvqKePc05djlz2VcdaKbLsnYbtMnL1rbOfHgEnIUSHGh7FkjaN4DM1Ov81sQ==",
      "dependencies": [
        "@types/ws",
        "effect",
        "ws"
      ]
    },
    "@effect/platform-node@4.0.0-rc.112_effect@4.0.0-rc.112_redis@6.2.1": {
      "integrity": "sha512-/BMAcdNGQQskLmI0Zoa95KfTZkr9HV9N4NSxaSrusG6GeW6Ulp9KvZ+Rlaiw8lnOt43CXjFLdfll5/k5rxL4hQ==",
      "dependencies": [
        "@effect/platform-node-shared",
        "effect",
        "mime",
        "redis",
        "undici"
      ]
    },
    "@msgpackr-extract/msgpackr-extract-darwin-arm64@3.0.4": {
      "integrity": "sha512-LCkGo6JDfaBhgST7UpPWgNgLINpcpabaHfyz5OBx75nUYxBsaEPxjnyNjWpeb/xBup/682QnBfRBy2/LvPutZQ==",
      "os": ["darwin"],
      "cpu": ["arm64"]
    },
    "@msgpackr-extract/msgpackr-extract-darwin-x64@3.0.4": {
      "integrity": "sha512-zExlW9zUJKZH/tOtVMttwjKa4Xm/3KcNjnE3dPN92uCktwavMxpgCA3MoJK/DOnTWsQgo224OaST27/mPNAf+w==",
      "os": ["darwin"],
      "cpu": ["x64"]
    },
    "@msgpackr-extract/msgpackr-extract-linux-arm64@3.0.4": {
      "integrity": "sha512-dgX0P/9wGPJeHFBG+ZmhgE6bmtMt7NP5CRBGyyktpopdk/mW4POnrpQsSLtKI1dwpc+pPLuXHDh6vvskyQE/sw==",
      "os": ["linux"],
      "cpu": ["arm64"]
    },
    "@msgpackr-extract/msgpackr-extract-linux-arm@3.0.4": {
      "integrity": "sha512-Tg3yX65f5GbtXLkrYEHE5oibZG9epyYWas7FogTTEJeDEF9JlXJzKgXaNhT3UXlTOeA+AfZpYZYZ0uPj7Cfquw==",
      "os": ["linux"],
      "cpu": ["arm"]
    },
    "@msgpackr-extract/msgpackr-extract-linux-x64@3.0.4": {
      "integrity": "sha512-8TNXMEjJc3QEy7R/x1INhgiU+XakDAFUzBhaz7+Rbrs8NH5UQeHQxxmzsSBJGyV6I1jW79undiQm8tOI+D+8FQ==",
      "os": ["linux"],
      "cpu": ["x64"]
    },
    "@msgpackr-extract/msgpackr-extract-win32-x64@3.0.4": {
      "integrity": "sha512-CmCXPQrkbwExx3j946/PtHWHbYJiCRBRDl4BlkRQcJB/YOwQxJRTpoo7aTsortjgoJ1x7opzTSxn7C+ASSLVjQ==",
      "os": ["win32"],
      "cpu": ["x64"]
    },
    "@redis/bloom@6.2.1_@redis+client@6.2.1": {
      "integrity": "sha512-huQgNLaCIZfQ9SeLn4q9124uOUd8HbZDYHwwUzNcRgHqCHiHKl2dDxMqJCeWh8cMqZAoWuHR8XnWbDMIf+o7ag==",
      "dependencies": [
        "@redis/client"
      ]
    },
    "@redis/client@6.2.1": {
      "integrity": "sha512-LzxBY7SIBvvJiyCgcaJZZakE3fJrZZ++i24+EDW9fKpCl68D35uJcKFpZZwCfOoG9WZTbyZlMzMeM0gtOAMU9Q==",
      "dependencies": [
        "cluster-key-slot"
      ]
    },
    "@redis/json@6.2.1_@redis+client@6.2.1": {
      "integrity": "sha512-AFIUJ8Gj0DaaSBHYuSt8+O0oYWM+50OK1c0OmodB7XERIA8+BbyV3O4v76f9iccWasd1/7qjfZTpuzexUaZtrQ==",
      "dependencies": [
        "@redis/client"
      ]
    },
    "@redis/search@6.2.1_@redis+client@6.2.1": {
      "integrity": "sha512-2vfOAOyYFE7UUw3sBBlkqqruBtOUS4HRY5MtW4hp83llrwvtrTE4r22CEqXddlV+54zkLxBE4nmsIJ/dpezQrQ==",
      "dependencies": [
        "@redis/client"
      ]
    },
    "@redis/time-series@6.2.1_@redis+client@6.2.1": {
      "integrity": "sha512-kiYniph04dJOole+L359B6C9E+jYS2uDP7hca6Onj0xF38ZIpyxARO0Iq0W4ZRn1e8Q6vqW00QFZVSMRA/2Ijw==",
      "dependencies": [
        "@redis/client"
      ]
    },
    "@types/node@26.3.0": {
      "integrity": "sha512-L3fgrnchriRC2ExBflb8j4uZZURHZfQsmQeyVzhjcHW4kkwVyo8/0h1B2MVzMTrYUJYu6G7EWs14hW/L9putqw==",
      "dependencies": [
        "undici-types"
      ]
    },
    "@types/ws@8.18.1": {
      "integrity": "sha512-ThVF6DCVhA8kUGy+aazFQ4kXQ7E1Ty7A3ypFOe0IcJV8O/M511G99AW24irKrW56Wt44yG9+ij8FaqoBGkuBXg==",
      "dependencies": [
        "@types/node"
      ]
    },
    "cluster-key-slot@1.1.2": {
      "integrity": "sha512-RMr0FhtfXemyinomL4hrWcYJxmX6deFdCxpJzhDttxgO1+bcCnkk+9drydLVDmAMG7NE6aN/fl4F7ucU/90gAA=="
    },
    "detect-libc@2.1.2": {
      "integrity": "sha512-Btj2BOOO83o3WyH59e8MgXsxEQVcarkUOpEYrubB0urwnN10yQ364rsiByU11nZlqWYZm05i/of7io4mzihBtQ=="
    },
    "effect@4.0.0-rc.112": {
      "integrity": "sha512-wXxwuh1Ywnv4cPRM3Wfa0vDwuOHnZ1TsTgHJkG9XgzND6inhBH9n1vBxhg3iIXOia/OrpmvVmd3lrD4vq6bF3A==",
      "dependencies": [
        "fast-check",
        "msgpackr"
      ]
    },
    "fast-check@4.9.0": {
      "integrity": "sha512-7ms6T7SybUev/PQITciI0yLM2pOSFy5zpG8Ty7tQofcVaQUvrMXp6CBwqF6fThLCLOrfBtuHAtwq6Yu4XPCllg==",
      "dependencies": [
        "pure-rand"
      ]
    },
    "mime@4.1.0": {
      "integrity": "sha512-X5ju04+cAzsojXKes0B/S4tcYtFAJ6tTMuSPBEn9CPGlrWr8Fiw7qYeLT0XyH80HSoAoqWCaz+MWKh22P7G1cw==",
      "bin": true
    },
    "msgpackr-extract@3.0.4": {
      "integrity": "sha512-4kmO/MdyUIkLIvTPr8VHLil4AtoKIoniWPIEk5+CDy0xnWC84azhSFmuJ7PxZdsYtiP5kEeQsORAVIeMgxT+Hw==",
      "dependencies": [
        "node-gyp-build-optional-packages"
      ],
      "optionalDependencies": [
        "@msgpackr-extract/msgpackr-extract-darwin-arm64",
        "@msgpackr-extract/msgpackr-extract-darwin-x64",
        "@msgpackr-extract/msgpackr-extract-linux-arm",
        "@msgpackr-extract/msgpackr-extract-linux-arm64",
        "@msgpackr-extract/msgpackr-extract-linux-x64",
        "@msgpackr-extract/msgpackr-extract-win32-x64"
      ],
      "scripts": true,
      "bin": true
    },
    "msgpackr@2.0.6": {
      "integrity": "sha512-plGul/tqjt9vqWFR9zyqyLZls6gb5KTLvnsRO2B9+TZ8tNiXiVI/CR8LiDWlAX4IUeVkQ9gsmzKA6voC2QOciw==",
      "optionalDependencies": [
        "msgpackr-extract"
      ]
    },
    "node-gyp-build-optional-packages@5.2.2": {
      "integrity": "sha512-s+w+rBWnpTMwSFbaE0UXsRlg7hU4FjekKU4eyAih5T8nJuNZT1nNsskXpxmeqSK9UzkBl6UgRlnKc8hz8IEqOw==",
      "dependencies": [
        "detect-libc"
      ],
      "bin": true
    },
    "pure-rand@8.4.2": {
      "integrity": "sha512-vvuOGgcuPJAirlHvuQw1TrOiw7ptaIXXmIbNuiNOY6lNGJJH49PQ1Kj4nd783nPdQhQdicgOjVI2yI/9BD6/Ng=="
    },
    "redis@6.2.1": {
      "integrity": "sha512-Z9VHtgYs48PiQC77X9O2Er8Hj4T+5BtFjT91/vi5Is1D04N72cA946ZslM1ImJw8ZctFBZWAVjM7S5wJNeHMpg==",
      "dependencies": [
        "@redis/bloom",
        "@redis/client",
        "@redis/json",
        "@redis/search",
        "@redis/time-series"
      ]
    },
    "undici-types@8.3.0": {
      "integrity": "sha512-j375ScV60dom+YkPFIfTLcOiPxkN/buHz5GobjLhixFuANaNs3C9l4GmrWqejgXWJ7BbJcFYpTEUkS1Ge8bpZQ=="
    },
    "undici@8.10.0": {
      "integrity": "sha512-HvltHd7avK13QIw/oLe4qoOLyoVSoafqJ2jYOrtMRBkbYT31eiBQ8O0ehRKZiEZCMEyLFQNIADpgCWC5fALvYQ=="
    },
    "ws@8.21.3": {
      "integrity": "sha512-201TZ/kPWxoPr/OKWjquZR1SWKXcvxdH+e1xrx89b3YbmzLMFCLfnaG1HFIgWzJOEWZ7MvpK++odZufgYR50Rw=="
    }
  }
}
