{
  "version": "5",
  "specifiers": {
    "jsr:@std/yaml@1": "1.1.1",
    "npm:@effect/platform-node@4.0.0-rc.117": "4.0.0-rc.117_effect@4.0.0-rc.117_redis@6.2.1",
    "npm:effect@4.0.0-rc.117": "4.0.0-rc.117"
  },
  "jsr": {
    "@std/yaml@1.1.1": {
      "integrity": "a57665ecf3d17b926380593a56625d8a10cc7281802f1e993b5ebc94a48e71f8"
    }
  },
  "npm": {
    "@effect/platform-node-shared@4.0.0-rc.117_effect@4.0.0-rc.117": {
      "integrity": "sha512-GyRkEfLBG49MwJe+/XDPiXYcQ44RA9p2z0AurlsWhR1cd1PqOUMEZU1pORL+/R5hR8aH6ZuqoJYD8lAc6h+wlA==",
      "dependencies": [
        "@types/ws",
        "effect",
        "ws"
      ]
    },
    "@effect/platform-node@4.0.0-rc.117_effect@4.0.0-rc.117_redis@6.2.1": {
      "integrity": "sha512-WbPcvQDkqXFnCeG6LohJ9eVNapCDhZbCpezhYKxm0IsZEk7swakRh7RkC1t2CXzd3hGmszTv2k9e/pXyZuL+wQ==",
      "dependencies": [
        "@effect/platform-node-shared",
        "effect",
        "redis",
        "undici"
      ]
    },
    "@redis/bloom@6.2.1_@redis+client@6.2.1": {
      "integrity": "sha512-huQgNLaCIZfQ9SeLn4q9124uOUd8HbZDYHwwUzNcRgHqCHiHKl2dDxMqJCeWh8cMqZAoWuHR8XnWbDMIf+o7ag==",
      "dependencies": [
        "@redis/client"
      ]
    },
    "@redis/client@6.2.1": {
      "integrity": "sha512-LzxBY7SIBvvJiyCgcaJZZakE3fJrZZ++i24+EDW9fKpCl68D35uJcKFpZZwCfOoG9WZTbyZlMzMeM0gtOAMU9Q==",
      "dependencies": [
        "cluster-key-slot"
      ]
    },
    "@redis/json@6.2.1_@redis+client@6.2.1": {
      "integrity": "sha512-AFIUJ8Gj0DaaSBHYuSt8+O0oYWM+50OK1c0OmodB7XERIA8+BbyV3O4v76f9iccWasd1/7qjfZTpuzexUaZtrQ==",
      "dependencies": [
        "@redis/client"
      ]
    },
    "@redis/search@6.2.1_@redis+client@6.2.1": {
      "integrity": "sha512-2vfOAOyYFE7UUw3sBBlkqqruBtOUS4HRY5MtW4hp83llrwvtrTE4r22CEqXddlV+54zkLxBE4nmsIJ/dpezQrQ==",
      "dependencies": [
        "@redis/client"
      ]
    },
    "@redis/time-series@6.2.1_@redis+client@6.2.1": {
      "integrity": "sha512-kiYniph04dJOole+L359B6C9E+jYS2uDP7hca6Onj0xF38ZIpyxARO0Iq0W4ZRn1e8Q6vqW00QFZVSMRA/2Ijw==",
      "dependencies": [
        "@redis/client"
      ]
    },
    "@types/node@26.6.2": {
      "integrity": "sha512-X1P21scMv4zGKLYqjdGjaKa7COa0RKVYYZZN/NfvLQ1JegxFhdhpZG/Lyn8AXx6CDUavKAd11v6BvfpkDByK8g==",
      "dependencies": [
        "undici-types"
      ]
    },
    "@types/ws@8.18.1": {
      "integrity": "sha512-ThVF6DCVhA8kUGy+aazFQ4kXQ7E1Ty7A3ypFOe0IcJV8O/M511G99AW24irKrW56Wt44yG9+ij8FaqoBGkuBXg==",
      "dependencies": [
        "@types/node"
      ]
    },
    "cluster-key-slot@1.1.2": {
      "integrity": "sha512-RMr0FhtfXemyinomL4hrWcYJxmX6deFdCxpJzhDttxgO1+bcCnkk+9drydLVDmAMG7NE6aN/fl4F7ucU/90gAA=="
    },
    "effect@4.0.0-rc.117": {
      "integrity": "sha512-UUyi9QiOW4nySFIBM3KnYbNMd9EZliOdKfBcyLD0mPMPheO2fkuXS5y0opjWc9oqzlJxPQICEGm8gGw3kh9j/w=="
    },
    "redis@6.2.1": {
      "integrity": "sha512-Z9VHtgYs48PiQC77X9O2Er8Hj4T+5BtFjT91/vi5Is1D04N72cA946ZslM1ImJw8ZctFBZWAVjM7S5wJNeHMpg==",
      "dependencies": [
        "@redis/bloom",
        "@redis/client",
        "@redis/json",
        "@redis/search",
        "@redis/time-series"
      ]
    },
    "undici-types@8.9.0": {
      "integrity": "sha512-KTDyRTYX8sWmKXAikPHHSyc63CRPETMctyjKFupcC6OBLXT3xsN0e9aF7m+mIXutFWpUXuedtowG7iLOzp0kQg=="
    },
    "undici@8.10.2": {
      "integrity": "sha512-/y4/bH9YNU5hi9NIrpOuvGXFcxrj3CMrV+/AYpowAYTpHn8gX/XPFjNy766FPoYY0miQhdW977JFWKGNhBdwyQ=="
    },
    "ws@8.21.3": {
      "integrity": "sha512-201TZ/kPWxoPr/OKWjquZR1SWKXcvxdH+e1xrx89b3YbmzLMFCLfnaG1HFIgWzJOEWZ7MvpK++odZufgYR50Rw=="
    }
  }
}
